
Microsoft Visual Studio Solution File, Format Version 12.00
# Visual Studio Version 17
VisualStudioVersion = 17.5.002.0
MinimumVisualStudioVersion = 10.0.40219.1
Project("{9A19103F-16F7-4668-BE54-9A1E7A4F7556}") = "interface", "interface.csproj", "{4999544D-E1F0-43DC-8FF1-86BC0E8DDED5}"
EndProject
Global
	GlobalSection(SolutionConfigurationPlatforms) = preSolution
		Debug|Any CPU = Debug|Any CPU
		Release|Any CPU = Release|Any CPU
	EndGlobalSection
	GlobalSection(ProjectConfigurationPlatforms) = postSolution
		{4999544D-E1F0-43DC-8FF1-86BC0E8DDED5}.Debug|Any CPU.ActiveCfg = Debug|Any CPU
		{4999544D-E1F0-43DC-8FF1-86BC0E8DDED5}.Debug|Any CPU.Build.0 = Debug|Any CPU
		{4999544D-E1F0-43DC-8FF1-86BC0E8DDED5}.Release|Any CPU.ActiveCfg = Release|Any CPU
		{4999544D-E1F0-43DC-8FF1-86BC0E8DDED5}.Release|Any CPU.Build.0 = Release|Any CPU
	EndGlobalSection
	GlobalSection(SolutionProperties) = preSolution
		HideSolutionNode = FALSE
	EndGlobalSection
	GlobalSection(ExtensibilityGlobals) = postSolution
		SolutionGuid = {38493672-C0CE-4DD2-BA3F-58125C964E59}
	EndGlobalSection
EndGlobal
